
Microsoft Visual Studio Solution File, Format Version 12.00
Project("{F2A71F9B-5D33-465A-A702-920D77279786}") = "MiningPullMonitoring", "MiningPullMonitoring\MiningPullMonitoring.fsproj", "{E2CFF999-0A3A-4F9C-A210-A3EE158F0A43}"
EndProject
Global
	GlobalSection(SolutionConfigurationPlatforms) = preSolution
		Debug|Any CPU = Debug|Any CPU
		Release|Any CPU = Release|Any CPU
	EndGlobalSection
	GlobalSection(ProjectConfigurationPlatforms) = postSolution
		{E2CFF999-0A3A-4F9C-A210-A3EE158F0A43}.Debug|Any CPU.ActiveCfg = Debug|Any CPU
		{E2CFF999-0A3A-4F9C-A210-A3EE158F0A43}.Debug|Any CPU.Build.0 = Debug|Any CPU
		{E2CFF999-0A3A-4F9C-A210-A3EE158F0A43}.Release|Any CPU.ActiveCfg = Release|Any CPU
		{E2CFF999-0A3A-4F9C-A210-A3EE158F0A43}.Release|Any CPU.Build.0 = Release|Any CPU
	EndGlobalSection
EndGlobal
